
Microsoft Visual Studio Solution File, Format Version 12.00
# Visual Studio Version 16
VisualStudioVersion = 16.0.31321.278
MinimumVisualStudioVersion = 10.0.40219.1
Project("{FAE04EC0-301F-11D3-BF4B-00C04F79EFBC}") = "IRecommendGames", "IRecommendGames\IRecommendGames.csproj", "{13A13AF9-92FC-42DA-9D49-CDB6FD9854DC}"
EndProject
Global
	GlobalSection(SolutionConfigurationPlatforms) = preSolution
		Debug|Any CPU = Debug|Any CPU
		Release|Any CPU = Release|Any CPU
	EndGlobalSection
	GlobalSection(ProjectConfigurationPlatforms) = postSolution
		{13A13AF9-92FC-42DA-9D49-CDB6FD9854DC}.Debug|Any CPU.ActiveCfg = Debug|Any CPU
		{13A13AF9-92FC-42DA-9D49-CDB6FD9854DC}.Debug|Any CPU.Build.0 = Debug|Any CPU
		{13A13AF9-92FC-42DA-9D49-CDB6FD9854DC}.Release|Any CPU.ActiveCfg = Release|Any CPU
		{13A13AF9-92FC-42DA-9D49-CDB6FD9854DC}.Release|Any CPU.Build.0 = Release|Any CPU
	EndGlobalSection
	GlobalSection(SolutionProperties) = preSolution
		HideSolutionNode = FALSE
	EndGlobalSection
	GlobalSection(ExtensibilityGlobals) = postSolution
		SolutionGuid = {7FF16A84-A55B-4D26-9C22-E8C78872724A}
	EndGlobalSection
EndGlobal
